
Microsoft Visual Studio Solution File, Format Version 12.00
# Visual Studio Version 17
VisualStudioVersion = 17.6.33723.286
MinimumVisualStudioVersion = 10.0.40219.1
Project("{888888A0-9F3D-457C-B088-3A5042F75D52}") = "mp1_madeja_gauss_jacobi_method", "mp1_madeja_gauss_jacobi_method\mp1_madeja_gauss_jacobi_method.pyproj", "{2F3AF888-0859-43AB-AD94-D6AB3EDEB880}"
EndProject
Global
	GlobalSection(SolutionConfigurationPlatforms) = preSolution
		Debug|Any CPU = Debug|Any CPU
		Release|Any CPU = Release|Any CPU
	EndGlobalSection
	GlobalSection(ProjectConfigurationPlatforms) = postSolution
		{2F3AF888-0859-43AB-AD94-D6AB3EDEB880}.Debug|Any CPU.ActiveCfg = Debug|Any CPU
		{2F3AF888-0859-43AB-AD94-D6AB3EDEB880}.Release|Any CPU.ActiveCfg = Release|Any CPU
	EndGlobalSection
	GlobalSection(SolutionProperties) = preSolution
		HideSolutionNode = FALSE
	EndGlobalSection
	GlobalSection(ExtensibilityGlobals) = postSolution
		SolutionGuid = {D7DDCB09-3477-425A-B810-0E5CF942D8BE}
	EndGlobalSection
EndGlobal
